schema: '2.0'
stages:
  data_collection:
    cmd: python manage.py fetch_training_data
    deps:
    - path: apps/core/management/commands/fetch_training_data.py
      hash: md5
      md5: 7f0f54239f66e156e4d3abbac6fcb8ce
      size: 590
    - path: apps/core/retraining/data_collection.py
      hash: md5
      md5: 98152ab01af8d57180a982f3c3270ffb
      size: 2544
    outs:
    - path: media/raw
      hash: md5
      md5: 4498cff5c96a4c246ff02a96e37789ff.dir
      size: 40426
      nfiles: 1
  data_formatting:
    cmd: python manage.py format_training_data
    deps:
    - path: apps/core/management/commands/format_training_data.py
      hash: md5
      md5: 332d29d4ac815912a3086f935ac4fb72
      size: 595
    - path: apps/core/retraining/data_formatting.py
      hash: md5
      md5: f736ce4f3b4df9a95efddfd735665491
      size: 6200
    - path: media/raw
      hash: md5
      md5: 4498cff5c96a4c246ff02a96e37789ff.dir
      size: 40426
      nfiles: 1
    outs:
    - path: media/images
      hash: md5
      md5: b162c6711fca5ccc2a267162e3879986.dir
      size: 137379835
      nfiles: 19
    - path: media/labels
      hash: md5
      md5: 7de81549fbce3c336a9234063fbd1687.dir
      size: 13099
      nfiles: 21
  model_training:
    cmd: python manage.py train_model
    deps:
    - path: apps/core/management/commands/train_model.py
      hash: md5
      md5: 5597a746476df2a252ddd0e767c4bf7e
      size: 709
    - path: apps/core/retraining/retraining.py
      hash: md5
      md5: b28117de96c5ad3e693e1b1e304b64b7
      size: 9460
    - path: media/dataset.yaml
      hash: md5
      md5: 1536935dd27e788f29f03efb87f36029
      size: 216
    - path: media/images
      hash: md5
      md5: b162c6711fca5ccc2a267162e3879986.dir
      size: 137379835
      nfiles: 19
    - path: media/labels
      hash: md5
      md5: b5898a669e72cfec318ee3627eb3f9f9.dir
      size: 13331
      nfiles: 21
    outs:
    - path: media/runs/train
      hash: md5
      md5: 707ba420256b0f4e106260ad28cb4dee.dir
      size: 32462115
      nfiles: 18
